
Microsoft Visual Studio Solution File, Format Version 12.00
# Visual Studio 2017
Project("{FAE04EC0-301F-11D3-BF4B-00C04F79EFBC}") = "Homing", "Homing.csproj", "{40C1C90A-1299-599A-5835-1140E20CD8E2}"
EndProject
Project("{FAE04EC0-301F-11D3-BF4B-00C04F79EFBC}") = "Homing.Editor", "Homing.Editor.csproj", "{DEEB43DE-D650-DF2B-81B6-4EEDC8087C32}"
EndProject
Global
	GlobalSection(SolutionConfigurationPlatforms) = preSolution
		Debug|Any CPU = Debug|Any CPU
		Release|Any CPU = Release|Any CPU
	EndGlobalSection
	GlobalSection(ProjectConfigurationPlatforms) = postSolution
		{40C1C90A-1299-599A-5835-1140E20CD8E2}.Debug|Any CPU.ActiveCfg = Debug|Any CPU
		{40C1C90A-1299-599A-5835-1140E20CD8E2}.Debug|Any CPU.Build.0 = Debug|Any CPU
		{40C1C90A-1299-599A-5835-1140E20CD8E2}.Release|Any CPU.ActiveCfg = Release|Any CPU
		{40C1C90A-1299-599A-5835-1140E20CD8E2}.Release|Any CPU.Build.0 = Release|Any CPU
		{DEEB43DE-D650-DF2B-81B6-4EEDC8087C32}.Debug|Any CPU.ActiveCfg = Debug|Any CPU
		{DEEB43DE-D650-DF2B-81B6-4EEDC8087C32}.Debug|Any CPU.Build.0 = Debug|Any CPU
		{DEEB43DE-D650-DF2B-81B6-4EEDC8087C32}.Release|Any CPU.ActiveCfg = Release|Any CPU
		{DEEB43DE-D650-DF2B-81B6-4EEDC8087C32}.Release|Any CPU.Build.0 = Release|Any CPU
	EndGlobalSection
	GlobalSection(SolutionProperties) = preSolution
		HideSolutionNode = FALSE
	EndGlobalSection
EndGlobal
