
Microsoft Visual Studio Solution File, Format Version 12.00
# Visual Studio 2017
Project("{FAE04EC0-301F-11D3-BF4B-00C04F79EFBC}") = "New_puzzle", "New_puzzle.csproj", "{84F4A981-0E60-2A68-9254-0047D035E5DB}"
EndProject
Project("{FAE04EC0-301F-11D3-BF4B-00C04F79EFBC}") = "New_puzzle.Plugins", "New_puzzle.Plugins.csproj", "{7C56CBA5-D21B-67D5-1B61-885464298F0A}"
EndProject
Project("{FAE04EC0-301F-11D3-BF4B-00C04F79EFBC}") = "New_puzzle.Editor.Plugins", "New_puzzle.Editor.Plugins.csproj", "{A625C2C7-3987-F18B-2EFC-9B617AE543DC}"
EndProject
Global
	GlobalSection(SolutionConfigurationPlatforms) = preSolution
		Debug|Any CPU = Debug|Any CPU
		Release|Any CPU = Release|Any CPU
	EndGlobalSection
	GlobalSection(ProjectConfigurationPlatforms) = postSolution
		{84F4A981-0E60-2A68-9254-0047D035E5DB}.Debug|Any CPU.ActiveCfg = Debug|Any CPU
		{84F4A981-0E60-2A68-9254-0047D035E5DB}.Debug|Any CPU.Build.0 = Debug|Any CPU
		{84F4A981-0E60-2A68-9254-0047D035E5DB}.Release|Any CPU.ActiveCfg = Release|Any CPU
		{84F4A981-0E60-2A68-9254-0047D035E5DB}.Release|Any CPU.Build.0 = Release|Any CPU
		{7C56CBA5-D21B-67D5-1B61-885464298F0A}.Debug|Any CPU.ActiveCfg = Debug|Any CPU
		{7C56CBA5-D21B-67D5-1B61-885464298F0A}.Debug|Any CPU.Build.0 = Debug|Any CPU
		{7C56CBA5-D21B-67D5-1B61-885464298F0A}.Release|Any CPU.ActiveCfg = Release|Any CPU
		{7C56CBA5-D21B-67D5-1B61-885464298F0A}.Release|Any CPU.Build.0 = Release|Any CPU
		{A625C2C7-3987-F18B-2EFC-9B617AE543DC}.Debug|Any CPU.ActiveCfg = Debug|Any CPU
		{A625C2C7-3987-F18B-2EFC-9B617AE543DC}.Debug|Any CPU.Build.0 = Debug|Any CPU
		{A625C2C7-3987-F18B-2EFC-9B617AE543DC}.Release|Any CPU.ActiveCfg = Release|Any CPU
		{A625C2C7-3987-F18B-2EFC-9B617AE543DC}.Release|Any CPU.Build.0 = Release|Any CPU
	EndGlobalSection
	GlobalSection(SolutionProperties) = preSolution
		HideSolutionNode = FALSE
	EndGlobalSection
EndGlobal
